# THIS IS AN AUTOGENERATED FILE. DO NOT EDIT THIS FILE DIRECTLY.
# yarn lockfile v1


acorn-jsx@^3.0.1:
  version "3.0.1"
  resolved "https://registry.npmjs.org/acorn-jsx/-/acorn-jsx-3.0.1.tgz#afdf9488fb1ecefc8348f6fb22f464e32a58b36b"
  dependencies:
    acorn "^3.0.4"

acorn-object-spread@^1.0.0:
  version "1.0.0"
  resolved "https://registry.npmjs.org/acorn-object-spread/-/acorn-object-spread-1.0.0.tgz#48ead0f4a8eb16995a17a0db9ffc6acaada4ba68"
  dependencies:
    acorn "^3.1.0"

acorn@^3.0.4, acorn@^3.1.0, acorn@^3.3.0:
  version "3.3.0"
  resolved "https://registry.yarnpkg.com/acorn/-/acorn-3.3.0.tgz#45e37fb39e8da3f25baee3ff5369e2bb5f22017a"

acorn@^4.0.1:
  version "4.0.3"
  resolved "https://registry.yarnpkg.com/acorn/-/acorn-4.0.3.tgz#1a3e850b428e73ba6b09d1cc527f5aaad4d03ef1"

align-text@^0.1.1, align-text@^0.1.3:
  version "0.1.4"
  resolved "https://registry.yarnpkg.com/align-text/-/align-text-0.1.4.tgz#0cd90a561093f35d0a99256c22b7069433fad117"
  dependencies:
    kind-of "^3.0.2"
    longest "^1.0.1"
    repeat-string "^1.5.2"

ansi-align@^1.1.0:
  version "1.1.0"
  resolved "https://registry.npmjs.org/ansi-align/-/ansi-align-1.1.0.tgz#2f0c1658829739add5ebb15e6b0c6e3423f016ba"
  dependencies:
    string-width "^1.0.1"

ansi-regex@^2.0.0:
  version "2.0.0"
  resolved "https://registry.yarnpkg.com/ansi-regex/-/ansi-regex-2.0.0.tgz#c5061b6e0ef8a81775e50f5d66151bf6bf371107"

ansi-styles@^2.2.1:
  version "2.2.1"
  resolved "https://registry.yarnpkg.com/ansi-styles/-/ansi-styles-2.2.1.tgz#b432dd3358b634cf75e1e4664368240533c1ddbe"

arr-diff@^2.0.0:
  version "2.0.0"
  resolved "https://registry.yarnpkg.com/arr-diff/-/arr-diff-2.0.0.tgz#8f3b827f955a8bd669697e4a4256ac3ceae356cf"
  dependencies:
    arr-flatten "^1.0.1"

arr-flatten@^1.0.1:
  version "1.0.1"
  resolved "https://registry.yarnpkg.com/arr-flatten/-/arr-flatten-1.0.1.tgz#e5ffe54d45e19f32f216e91eb99c8ce892bb604b"

array-unique@^0.2.1:
  version "0.2.1"
  resolved "https://registry.yarnpkg.com/array-unique/-/array-unique-0.2.1.tgz#a1d97ccafcbc2625cc70fadceb36a50c58b01a53"

async-to-gen@^1.2.0:
  version "1.3.2"
  resolved "https://registry.npmjs.org/async-to-gen/-/async-to-gen-1.3.2.tgz#7296908a9697a6bb0a5eaff7e59f33d3f2372923"
  dependencies:
    babylon "^6.14.0"
    magic-string "^0.19.0"

babel-helper-vue-jsx-merge-props:
  version "2.0.2"
  resolved "https://registry.yarnpkg.com/babel-helper-vue-jsx-merge-props/-/babel-helper-vue-jsx-merge-props-2.0.2.tgz#aceb1c373588279e2755ea1cfd35c22394fd33f8"

babel-plugin-syntax-jsx:
  version "6.18.0"
  resolved "https://registry.yarnpkg.com/babel-plugin-syntax-jsx/-/babel-plugin-syntax-jsx-6.18.0.tgz#0af32a9a6e13ca7a3fd5069e62d7b0f58d0d8946"

babel-plugin-transform-vue-jsx:
  version "3.1.2"
  resolved "https://registry.yarnpkg.com/babel-plugin-transform-vue-jsx/-/babel-plugin-transform-vue-jsx-3.1.2.tgz#6255d561ff93d9ea8cfeb781da17280a5ca77bb5"
  dependencies:
    esutils "^2.0.2"

babylon@^6.14.0, babylon@^6.15.0:
  version "6.16.1"
  resolved "https://registry.npmjs.org/babylon/-/babylon-6.16.1.tgz#30c5a22f481978a9e7f8cdfdf496b11d94b404d3"

balanced-match@^0.4.1:
  version "0.4.2"
  resolved "https://registry.yarnpkg.com/balanced-match/-/balanced-match-0.4.2.tgz#cb3f3e3c732dc0f01ee70b403f302e61d7709838"

bili@^0.14.0:
  version "0.14.0"
  resolved "https://registry.npmjs.org/bili/-/bili-0.14.0.tgz#bf613ff7d1f2226d19990ed65447c84c54cfb64c"
  dependencies:
    cac "^3.0.4"
    camelcase "^4.0.0"
    chalk "^1.1.3"
    fancy-log "^1.2.0"
    lodash.merge "^4.6.0"
    req-cwd "^1.0.1"
    rollup "0.39.2"
    rollup-plugin-alias "^1.2.0"
    rollup-plugin-async "^1.2.0"
    rollup-plugin-buble "^0.15.0"
    rollup-plugin-commonjs "^7.0.0"
    rollup-plugin-flow "^1.1.1"
    rollup-plugin-node-resolve "^2.0.0"
    rollup-plugin-replace "^1.1.1"
    rollup-plugin-uglify "^1.0.1"
    rollup-watch "^2.5.0"
    switchy "^0.1.0"
    update-notifier "^1.0.2"

boxen@^0.6.0:
  version "0.6.0"
  resolved "https://registry.npmjs.org/boxen/-/boxen-0.6.0.tgz#8364d4248ac34ff0ef1b2f2bf49a6c60ce0d81b6"
  dependencies:
    ansi-align "^1.1.0"
    camelcase "^2.1.0"
    chalk "^1.1.1"
    cli-boxes "^1.0.0"
    filled-array "^1.0.0"
    object-assign "^4.0.1"
    repeating "^2.0.0"
    string-width "^1.0.1"
    widest-line "^1.0.0"

brace-expansion@^1.0.0:
  version "1.1.6"
  resolved "https://registry.yarnpkg.com/brace-expansion/-/brace-expansion-1.1.6.tgz#7197d7eaa9b87e648390ea61fc66c84427420df9"
  dependencies:
    balanced-match "^0.4.1"
    concat-map "0.0.1"

braces@^1.8.2:
  version "1.8.5"
  resolved "https://registry.yarnpkg.com/braces/-/braces-1.8.5.tgz#ba77962e12dff969d6b76711e914b737857bf6a7"
  dependencies:
    expand-range "^1.8.1"
    preserve "^0.2.0"
    repeat-element "^1.1.2"

browser-resolve@^1.11.0:
  version "1.11.2"
  resolved "https://registry.npmjs.org/browser-resolve/-/browser-resolve-1.11.2.tgz#8ff09b0a2c421718a1051c260b32e48f442938ce"
  dependencies:
    resolve "1.1.7"

buble@^0.15.0:
  version "0.15.2"
  resolved "https://registry.npmjs.org/buble/-/buble-0.15.2.tgz#547fc47483f8e5e8176d82aa5ebccb183b02d613"
  dependencies:
    acorn "^3.3.0"
    acorn-jsx "^3.0.1"
    acorn-object-spread "^1.0.0"
    chalk "^1.1.3"
    magic-string "^0.14.0"
    minimist "^1.2.0"
    os-homedir "^1.0.1"

buffer-shims@~1.0.0:
  version "1.0.0"
  resolved "https://registry.npmjs.org/buffer-shims/-/buffer-shims-1.0.0.tgz#9978ce317388c649ad8793028c3477ef044a8b51"

builtin-modules@^1.0.0, builtin-modules@^1.1.0:
  version "1.1.1"
  resolved "https://registry.yarnpkg.com/builtin-modules/-/builtin-modules-1.1.1.tgz#270f076c5a72c02f5b65a47df94c5fe3a278892f"

cac@^3.0.4:
  version "3.0.4"
  resolved "https://registry.npmjs.org/cac/-/cac-3.0.4.tgz#6d24ceec372efe5c9b798808bc7f49b47242a4ef"
  dependencies:
    camelcase-keys "^3.0.0"
    chalk "^1.1.3"
    indent-string "^3.0.0"
    minimist "^1.2.0"
    read-pkg-up "^1.0.1"
    suffix "^0.1.0"
    text-table "^0.2.0"

camelcase-keys@^3.0.0:
  version "3.0.0"
  resolved "https://registry.npmjs.org/camelcase-keys/-/camelcase-keys-3.0.0.tgz#fc0c6c360363f7377e3793b9a16bccf1070c1ca4"
  dependencies:
    camelcase "^3.0.0"
    map-obj "^1.0.0"

camelcase@^1.0.2:
  version "1.2.1"
  resolved "https://registry.yarnpkg.com/camelcase/-/camelcase-1.2.1.tgz#9bb5304d2e0b56698b2c758b08a3eaa9daa58a39"

camelcase@^2.1.0:
  version "2.1.1"
  resolved "https://registry.npmjs.org/camelcase/-/camelcase-2.1.1.tgz#7c1d16d679a1bbe59ca02cacecfb011e201f5a1f"

camelcase@^3.0.0:
  version "3.0.0"
  resolved "https://registry.yarnpkg.com/camelcase/-/camelcase-3.0.0.tgz#32fc4b9fcdaf845fcdf7e73bb97cac2261f0ab0a"

camelcase@^4.0.0:
  version "4.1.0"
  resolved "https://registry.npmjs.org/camelcase/-/camelcase-4.1.0.tgz#d545635be1e33c542649c69173e5de6acfae34dd"

capture-stack-trace@^1.0.0:
  version "1.0.0"
  resolved "https://registry.npmjs.org/capture-stack-trace/-/capture-stack-trace-1.0.0.tgz#4a6fa07399c26bba47f0b2496b4d0fb408c5550d"

center-align@^0.1.1:
  version "0.1.3"
  resolved "https://registry.yarnpkg.com/center-align/-/center-align-0.1.3.tgz#aa0d32629b6ee972200411cbd4461c907bc2b7ad"
  dependencies:
    align-text "^0.1.3"
    lazy-cache "^1.0.3"

chalk@^1.0.0, chalk@^1.1.1, chalk@^1.1.3:
  version "1.1.3"
  resolved "https://registry.yarnpkg.com/chalk/-/chalk-1.1.3.tgz#a8115c55e4a702fe4d150abd3872822a7e09fc98"
  dependencies:
    ansi-styles "^2.2.1"
    escape-string-regexp "^1.0.2"
    has-ansi "^2.0.0"
    strip-ansi "^3.0.0"
    supports-color "^2.0.0"

cli-boxes@^1.0.0:
  version "1.0.0"
  resolved "https://registry.npmjs.org/cli-boxes/-/cli-boxes-1.0.0.tgz#4fa917c3e59c94a004cd61f8ee509da651687143"

cliui@^2.1.0:
  version "2.1.0"
  resolved "https://registry.yarnpkg.com/cliui/-/cliui-2.1.0.tgz#4b475760ff80264c762c3a1719032e91c7fea0d1"
  dependencies:
    center-align "^0.1.1"
    right-align "^0.1.1"
    wordwrap "0.0.2"

code-point-at@^1.0.0:
  version "1.1.0"
  resolved "https://registry.yarnpkg.com/code-point-at/-/code-point-at-1.1.0.tgz#0d070b4d043a5bea33a2f1a40e2edb3d9a4ccf77"

concat-map@0.0.1:
  version "0.0.1"
  resolved "https://registry.yarnpkg.com/concat-map/-/concat-map-0.0.1.tgz#d8a96bd77fd68df7793a73036a3ba0d5405d477b"

configstore@^2.0.0:
  version "2.1.0"
  resolved "https://registry.npmjs.org/configstore/-/configstore-2.1.0.tgz#737a3a7036e9886102aa6099e47bb33ab1aba1a1"
  dependencies:
    dot-prop "^3.0.0"
    graceful-fs "^4.1.2"
    mkdirp "^0.5.0"
    object-assign "^4.0.1"
    os-tmpdir "^1.0.0"
    osenv "^0.1.0"
    uuid "^2.0.1"
    write-file-atomic "^1.1.2"
    xdg-basedir "^2.0.0"

core-util-is@~1.0.0:
  version "1.0.2"
  resolved "https://registry.yarnpkg.com/core-util-is/-/core-util-is-1.0.2.tgz#b5fd54220aa2bc5ab57aab7140c940754503c1a7"

create-error-class@^3.0.1:
  version "3.0.2"
  resolved "https://registry.npmjs.org/create-error-class/-/create-error-class-3.0.2.tgz#06be7abef947a3f14a30fd610671d401bca8b7b6"
  dependencies:
    capture-stack-trace "^1.0.0"

decamelize@^1.0.0:
  version "1.2.0"
  resolved "https://registry.yarnpkg.com/decamelize/-/decamelize-1.2.0.tgz#f6534d15148269b20352e7bee26f501f9a191290"

deep-extend@~0.4.0:
  version "0.4.1"
  resolved "https://registry.npmjs.org/deep-extend/-/deep-extend-0.4.1.tgz#efe4113d08085f4e6f9687759810f807469e2253"

dot-prop@^3.0.0:
  version "3.0.0"
  resolved "https://registry.npmjs.org/dot-prop/-/dot-prop-3.0.0.tgz#1b708af094a49c9a0e7dbcad790aba539dac1177"
  dependencies:
    is-obj "^1.0.0"

duplexer2@^0.1.4:
  version "0.1.4"
  resolved "https://registry.npmjs.org/duplexer2/-/duplexer2-0.1.4.tgz#8b12dab878c0d69e3e7891051662a32fc6bddcc1"
  dependencies:
    readable-stream "^2.0.2"

error-ex@^1.2.0:
  version "1.3.0"
  resolved "https://registry.yarnpkg.com/error-ex/-/error-ex-1.3.0.tgz#e67b43f3e82c96ea3a584ffee0b9fc3325d802d9"
  dependencies:
    is-arrayish "^0.2.1"

escape-string-regexp@^1.0.2:
  version "1.0.5"
  resolved "https://registry.yarnpkg.com/escape-string-regexp/-/escape-string-regexp-1.0.5.tgz#1b61c0562190a8dff6ae3bb2cf0200ca130b86d4"

estree-walker@^0.2.1:
  version "0.2.1"
  resolved "https://registry.npmjs.org/estree-walker/-/estree-walker-0.2.1.tgz#bdafe8095383d8414d5dc2ecf4c9173b6db9412e"

estree-walker@^0.3.0:
  version "0.3.1"
  resolved "https://registry.npmjs.org/estree-walker/-/estree-walker-0.3.1.tgz#e6b1a51cf7292524e7237c312e5fe6660c1ce1aa"

esutils@^2.0.2:
  version "2.0.2"
  resolved "https://registry.yarnpkg.com/esutils/-/esutils-2.0.2.tgz#0abf4f1caa5bcb1f7a9d8acc6dea4faaa04bac9b"

expand-brackets@^0.1.4:
  version "0.1.5"
  resolved "https://registry.yarnpkg.com/expand-brackets/-/expand-brackets-0.1.5.tgz#df07284e342a807cd733ac5af72411e581d1177b"
  dependencies:
    is-posix-bracket "^0.1.0"

expand-range@^1.8.1:
  version "1.8.2"
  resolved "https://registry.yarnpkg.com/expand-range/-/expand-range-1.8.2.tgz#a299effd335fe2721ebae8e257ec79644fc85337"
  dependencies:
    fill-range "^2.1.0"

extglob@^0.3.1:
  version "0.3.2"
  resolved "https://registry.yarnpkg.com/extglob/-/extglob-0.3.2.tgz#2e18ff3d2f49ab2765cec9023f011daa8d8349a1"
  dependencies:
    is-extglob "^1.0.0"

fancy-log@^1.2.0:
  version "1.3.0"
  resolved "https://registry.npmjs.org/fancy-log/-/fancy-log-1.3.0.tgz#45be17d02bb9917d60ccffd4995c999e6c8c9948"
  dependencies:
    chalk "^1.1.1"
    time-stamp "^1.0.0"

filename-regex@^2.0.0:
  version "2.0.0"
  resolved "https://registry.yarnpkg.com/filename-regex/-/filename-regex-2.0.0.tgz#996e3e80479b98b9897f15a8a58b3d084e926775"

fill-range@^2.1.0:
  version "2.2.3"
  resolved "https://registry.yarnpkg.com/fill-range/-/fill-range-2.2.3.tgz#50b77dfd7e469bc7492470963699fe7a8485a723"
  dependencies:
    is-number "^2.1.0"
    isobject "^2.0.0"
    randomatic "^1.1.3"
    repeat-element "^1.1.2"
    repeat-string "^1.5.2"

filled-array@^1.0.0:
  version "1.1.0"
  resolved "https://registry.npmjs.org/filled-array/-/filled-array-1.1.0.tgz#c3c4f6c663b923459a9aa29912d2d031f1507f84"

find-up@^1.0.0:
  version "1.1.2"
  resolved "https://registry.yarnpkg.com/find-up/-/find-up-1.1.2.tgz#6b2e9822b1a2ce0a60ab64d610eccad53cb24d0f"
  dependencies:
    path-exists "^2.0.0"
    pinkie-promise "^2.0.0"

flow-remove-types@^1.1.0:
  version "1.2.0"
  resolved "https://registry.npmjs.org/flow-remove-types/-/flow-remove-types-1.2.0.tgz#c285516eabba72177a1b10bfb58f6ffb675a8877"
  dependencies:
    babylon "^6.15.0"
    vlq "^0.2.1"

for-in@^0.1.5:
  version "0.1.6"
  resolved "https://registry.yarnpkg.com/for-in/-/for-in-0.1.6.tgz#c9f96e89bfad18a545af5ec3ed352a1d9e5b4dc8"

for-own@^0.1.4:
  version "0.1.4"
  resolved "https://registry.yarnpkg.com/for-own/-/for-own-0.1.4.tgz#0149b41a39088c7515f51ebe1c1386d45f935072"
  dependencies:
    for-in "^0.1.5"

glob-base@^0.3.0:
  version "0.3.0"
  resolved "https://registry.yarnpkg.com/glob-base/-/glob-base-0.3.0.tgz#dbb164f6221b1c0b1ccf82aea328b497df0ea3c4"
  dependencies:
    glob-parent "^2.0.0"
    is-glob "^2.0.0"

glob-parent@^2.0.0:
  version "2.0.0"
  resolved "https://registry.yarnpkg.com/glob-parent/-/glob-parent-2.0.0.tgz#81383d72db054fcccf5336daa902f182f6edbb28"
  dependencies:
    is-glob "^2.0.0"

got@^5.0.0:
  version "5.7.1"
  resolved "https://registry.npmjs.org/got/-/got-5.7.1.tgz#5f81635a61e4a6589f180569ea4e381680a51f35"
  dependencies:
    create-error-class "^3.0.1"
    duplexer2 "^0.1.4"
    is-redirect "^1.0.0"
    is-retry-allowed "^1.0.0"
    is-stream "^1.0.0"
    lowercase-keys "^1.0.0"
    node-status-codes "^1.0.0"
    object-assign "^4.0.1"
    parse-json "^2.1.0"
    pinkie-promise "^2.0.0"
    read-all-stream "^3.0.0"
    readable-stream "^2.0.5"
    timed-out "^3.0.0"
    unzip-response "^1.0.2"
    url-parse-lax "^1.0.0"

graceful-fs@^4.1.11:
  version "4.1.11"
  resolved "https://registry.npmjs.org/graceful-fs/-/graceful-fs-4.1.11.tgz#0e8bdfe4d1ddb8854d64e04ea7c00e2a026e5658"

graceful-fs@^4.1.2:
  version "4.1.10"
  resolved "https://registry.yarnpkg.com/graceful-fs/-/graceful-fs-4.1.10.tgz#f2d720c22092f743228775c75e3612632501f131"

has-ansi@^2.0.0:
  version "2.0.0"
  resolved "https://registry.yarnpkg.com/has-ansi/-/has-ansi-2.0.0.tgz#34f5049ce1ecdf2b0649af3ef24e45ed35416d91"
  dependencies:
    ansi-regex "^2.0.0"

hosted-git-info@^2.1.4:
  version "2.1.5"
  resolved "https://registry.yarnpkg.com/hosted-git-info/-/hosted-git-info-2.1.5.tgz#0ba81d90da2e25ab34a332e6ec77936e1598118b"

imurmurhash@^0.1.4:
  version "0.1.4"
  resolved "https://registry.yarnpkg.com/imurmurhash/-/imurmurhash-0.1.4.tgz#9218b9b2b928a238b13dc4fb6b6d576f231453ea"

indent-string@^3.0.0:
  version "3.1.0"
  resolved "https://registry.npmjs.org/indent-string/-/indent-string-3.1.0.tgz#08ff4334603388399b329e6b9538dc7a3cf5de7d"

inherits@~2.0.1:
  version "2.0.3"
  resolved "https://registry.yarnpkg.com/inherits/-/inherits-2.0.3.tgz#633c2c83e3da42a502f52466022480f4208261de"

ini@~1.3.0:
  version "1.3.4"
  resolved "https://registry.npmjs.org/ini/-/ini-1.3.4.tgz#0537cb79daf59b59a1a517dff706c86ec039162e"

is-arrayish@^0.2.1:
  version "0.2.1"
  resolved "https://registry.yarnpkg.com/is-arrayish/-/is-arrayish-0.2.1.tgz#77c99840527aa8ecb1a8ba697b80645a7a926a9d"

is-buffer@^1.0.2:
  version "1.1.4"
  resolved "https://registry.yarnpkg.com/is-buffer/-/is-buffer-1.1.4.tgz#cfc86ccd5dc5a52fa80489111c6920c457e2d98b"

is-builtin-module@^1.0.0:
  version "1.0.0"
  resolved "https://registry.yarnpkg.com/is-builtin-module/-/is-builtin-module-1.0.0.tgz#540572d34f7ac3119f8f76c30cbc1b1e037affbe"
  dependencies:
    builtin-modules "^1.0.0"

is-dotfile@^1.0.0:
  version "1.0.2"
  resolved "https://registry.yarnpkg.com/is-dotfile/-/is-dotfile-1.0.2.tgz#2c132383f39199f8edc268ca01b9b007d205cc4d"

is-equal-shallow@^0.1.3:
  version "0.1.3"
  resolved "https://registry.yarnpkg.com/is-equal-shallow/-/is-equal-shallow-0.1.3.tgz#2238098fc221de0bcfa5d9eac4c45d638aa1c534"
  dependencies:
    is-primitive "^2.0.0"

is-extendable@^0.1.1:
  version "0.1.1"
  resolved "https://registry.yarnpkg.com/is-extendable/-/is-extendable-0.1.1.tgz#62b110e289a471418e3ec36a617d472e301dfc89"

is-extglob@^1.0.0:
  version "1.0.0"
  resolved "https://registry.yarnpkg.com/is-extglob/-/is-extglob-1.0.0.tgz#ac468177c4943405a092fc8f29760c6ffc6206c0"

is-finite@^1.0.0:
  version "1.0.2"
  resolved "https://registry.yarnpkg.com/is-finite/-/is-finite-1.0.2.tgz#cc6677695602be550ef11e8b4aa6305342b6d0aa"
  dependencies:
    number-is-nan "^1.0.0"

is-fullwidth-code-point@^1.0.0:
  version "1.0.0"
  resolved "https://registry.yarnpkg.com/is-fullwidth-code-point/-/is-fullwidth-code-point-1.0.0.tgz#ef9e31386f031a7f0d643af82fde50c457ef00cb"
  dependencies:
    number-is-nan "^1.0.0"

is-glob@^2.0.0, is-glob@^2.0.1:
  version "2.0.1"
  resolved "https://registry.yarnpkg.com/is-glob/-/is-glob-2.0.1.tgz#d096f926a3ded5600f3fdfd91198cb0888c2d863"
  dependencies:
    is-extglob "^1.0.0"

is-npm@^1.0.0:
  version "1.0.0"
  resolved "https://registry.npmjs.org/is-npm/-/is-npm-1.0.0.tgz#f2fb63a65e4905b406c86072765a1a4dc793b9f4"

is-number@^2.0.2, is-number@^2.1.0:
  version "2.1.0"
  resolved "https://registry.yarnpkg.com/is-number/-/is-number-2.1.0.tgz#01fcbbb393463a548f2f466cce16dece49db908f"
  dependencies:
    kind-of "^3.0.2"

is-obj@^1.0.0:
  version "1.0.1"
  resolved "https://registry.npmjs.org/is-obj/-/is-obj-1.0.1.tgz#3e4729ac1f5fde025cd7d83a896dab9f4f67db0f"

is-posix-bracket@^0.1.0:
  version "0.1.1"
  resolved "https://registry.yarnpkg.com/is-posix-bracket/-/is-posix-bracket-0.1.1.tgz#3334dc79774368e92f016e6fbc0a88f5cd6e6bc4"

is-primitive@^2.0.0:
  version "2.0.0"
  resolved "https://registry.yarnpkg.com/is-primitive/-/is-primitive-2.0.0.tgz#207bab91638499c07b2adf240a41a87210034575"

is-redirect@^1.0.0:
  version "1.0.0"
  resolved "https://registry.npmjs.org/is-redirect/-/is-redirect-1.0.0.tgz#1d03dded53bd8db0f30c26e4f95d36fc7c87dc24"

is-retry-allowed@^1.0.0:
  version "1.1.0"
  resolved "https://registry.npmjs.org/is-retry-allowed/-/is-retry-allowed-1.1.0.tgz#11a060568b67339444033d0125a61a20d564fb34"

is-stream@^1.0.0:
  version "1.1.0"
  resolved "https://registry.npmjs.org/is-stream/-/is-stream-1.1.0.tgz#12d4a3dd4e68e0b79ceb8dbc84173ae80d91ca44"

is-utf8@^0.2.0:
  version "0.2.1"
  resolved "https://registry.yarnpkg.com/is-utf8/-/is-utf8-0.2.1.tgz#4b0da1442104d1b336340e80797e865cf39f7d72"

isarray@1.0.0, isarray@~1.0.0:
  version "1.0.0"
  resolved "https://registry.yarnpkg.com/isarray/-/isarray-1.0.0.tgz#bb935d48582cba168c06834957a54a3e07124f11"

isobject@^2.0.0:
  version "2.1.0"
  resolved "https://registry.yarnpkg.com/isobject/-/isobject-2.1.0.tgz#f065561096a3f1da2ef46272f815c840d87e0c89"
  dependencies:
    isarray "1.0.0"

kind-of@^3.0.2:
  version "3.0.4"
  resolved "https://registry.yarnpkg.com/kind-of/-/kind-of-3.0.4.tgz#7b8ecf18a4e17f8269d73b501c9f232c96887a74"
  dependencies:
    is-buffer "^1.0.2"

latest-version@^2.0.0:
  version "2.0.0"
  resolved "https://registry.npmjs.org/latest-version/-/latest-version-2.0.0.tgz#56f8d6139620847b8017f8f1f4d78e211324168b"
  dependencies:
    package-json "^2.0.0"

lazy-cache@^1.0.3:
  version "1.0.4"
  resolved "https://registry.yarnpkg.com/lazy-cache/-/lazy-cache-1.0.4.tgz#a1d78fc3a50474cb80845d3b3b6e1da49a446e8e"

lazy-req@^1.1.0:
  version "1.1.0"
  resolved "https://registry.npmjs.org/lazy-req/-/lazy-req-1.1.0.tgz#bdaebead30f8d824039ce0ce149d4daa07ba1fac"

load-json-file@^1.0.0:
  version "1.1.0"
  resolved "https://registry.yarnpkg.com/load-json-file/-/load-json-file-1.1.0.tgz#956905708d58b4bab4c2261b04f59f31c99374c0"
  dependencies:
    graceful-fs "^4.1.2"
    parse-json "^2.2.0"
    pify "^2.0.0"
    pinkie-promise "^2.0.0"
    strip-bom "^2.0.0"

lodash.merge@^4.6.0:
  version "4.6.0"
  resolved "https://registry.npmjs.org/lodash.merge/-/lodash.merge-4.6.0.tgz#69884ba144ac33fe699737a6086deffadd0f89c5"

longest@^1.0.1:
  version "1.0.1"
  resolved "https://registry.yarnpkg.com/longest/-/longest-1.0.1.tgz#30a0b2da38f73770e8294a0d22e6625ed77d0097"

lowercase-keys@^1.0.0:
  version "1.0.0"
  resolved "https://registry.npmjs.org/lowercase-keys/-/lowercase-keys-1.0.0.tgz#4e3366b39e7f5457e35f1324bdf6f88d0bfc7306"

magic-string@^0.14.0:
  version "0.14.0"
  resolved "https://registry.npmjs.org/magic-string/-/magic-string-0.14.0.tgz#57224aef1701caeed273b17a39a956e72b172462"
  dependencies:
    vlq "^0.2.1"

magic-string@^0.15.2:
  version "0.15.2"
  resolved "https://registry.npmjs.org/magic-string/-/magic-string-0.15.2.tgz#0681d7388741bbc3addaa65060992624c6c09e9c"
  dependencies:
    vlq "^0.2.1"

magic-string@^0.19.0:
  version "0.19.0"
  resolved "https://registry.npmjs.org/magic-string/-/magic-string-0.19.0.tgz#198948217254e3e0b93080e01146b7c73b2a06b2"
  dependencies:
    vlq "^0.2.1"

map-obj@^1.0.0:
  version "1.0.1"
  resolved "https://registry.npmjs.org/map-obj/-/map-obj-1.0.1.tgz#d933ceb9205d82bdcf4886f6742bdc2b4dea146d"

micromatch@^2.3.11:
  version "2.3.11"
  resolved "https://registry.yarnpkg.com/micromatch/-/micromatch-2.3.11.tgz#86677c97d1720b363431d04d0d15293bd38c1565"
  dependencies:
    arr-diff "^2.0.0"
    array-unique "^0.2.1"
    braces "^1.8.2"
    expand-brackets "^0.1.4"
    extglob "^0.3.1"
    filename-regex "^2.0.0"
    is-extglob "^1.0.0"
    is-glob "^2.0.1"
    kind-of "^3.0.2"
    normalize-path "^2.0.1"
    object.omit "^2.0.0"
    parse-glob "^3.0.4"
    regex-cache "^0.4.2"

minimatch@^3.0.2:
  version "3.0.3"
  resolved "https://registry.yarnpkg.com/minimatch/-/minimatch-3.0.3.tgz#2a4e4090b96b2db06a9d7df01055a62a77c9b774"
  dependencies:
    brace-expansion "^1.0.0"

minimist@0.0.8:
  version "0.0.8"
  resolved "https://registry.yarnpkg.com/minimist/-/minimist-0.0.8.tgz#857fcabfc3397d2625b8228262e86aa7a011b05d"

minimist@^1.2.0:
  version "1.2.0"
  resolved "https://registry.npmjs.org/minimist/-/minimist-1.2.0.tgz#a35008b20f41383eec1fb914f4cd5df79a264284"

mkdirp@^0.5.0:
  version "0.5.1"
  resolved "https://registry.yarnpkg.com/mkdirp/-/mkdirp-0.5.1.tgz#30057438eac6cf7f8c4767f38648d6697d75c903"
  dependencies:
    minimist "0.0.8"

node-status-codes@^1.0.0:
  version "1.0.0"
  resolved "https://registry.npmjs.org/node-status-codes/-/node-status-codes-1.0.0.tgz#5ae5541d024645d32a58fcddc9ceecea7ae3ac2f"

normalize-package-data@^2.3.2:
  version "2.3.5"
  resolved "https://registry.yarnpkg.com/normalize-package-data/-/normalize-package-data-2.3.5.tgz#8d924f142960e1777e7ffe170543631cc7cb02df"
  dependencies:
    hosted-git-info "^2.1.4"
    is-builtin-module "^1.0.0"
    semver "2 || 3 || 4 || 5"
    validate-npm-package-license "^3.0.1"

normalize-path@^2.0.1:
  version "2.0.1"
  resolved "https://registry.yarnpkg.com/normalize-path/-/normalize-path-2.0.1.tgz#47886ac1662760d4261b7d979d241709d3ce3f7a"

number-is-nan@^1.0.0:
  version "1.0.1"
  resolved "https://registry.yarnpkg.com/number-is-nan/-/number-is-nan-1.0.1.tgz#097b602b53422a522c1afb8790318336941a011d"

object-assign@^4.0.1:
  version "4.1.0"
  resolved "https://registry.yarnpkg.com/object-assign/-/object-assign-4.1.0.tgz#7a3b3d0e98063d43f4c03f2e8ae6cd51a86883a0"

object.omit@^2.0.0:
  version "2.0.1"
  resolved "https://registry.yarnpkg.com/object.omit/-/object.omit-2.0.1.tgz#1a9c744829f39dbb858c76ca3579ae2a54ebd1fa"
  dependencies:
    for-own "^0.1.4"
    is-extendable "^0.1.1"

os-homedir@^1.0.0, os-homedir@^1.0.1:
  version "1.0.2"
  resolved "https://registry.yarnpkg.com/os-homedir/-/os-homedir-1.0.2.tgz#ffbc4988336e0e833de0c168c7ef152121aa7fb3"

os-tmpdir@^1.0.0:
  version "1.0.2"
  resolved "https://registry.npmjs.org/os-tmpdir/-/os-tmpdir-1.0.2.tgz#bbe67406c79aa85c5cfec766fe5734555dfa1274"

osenv@^0.1.0:
  version "0.1.4"
  resolved "https://registry.npmjs.org/osenv/-/osenv-0.1.4.tgz#42fe6d5953df06c8064be6f176c3d05aaaa34644"
  dependencies:
    os-homedir "^1.0.0"
    os-tmpdir "^1.0.0"

package-json@^2.0.0:
  version "2.4.0"
  resolved "https://registry.npmjs.org/package-json/-/package-json-2.4.0.tgz#0d15bd67d1cbbddbb2ca222ff2edb86bcb31a8bb"
  dependencies:
    got "^5.0.0"
    registry-auth-token "^3.0.1"
    registry-url "^3.0.3"
    semver "^5.1.0"

parse-glob@^3.0.4:
  version "3.0.4"
  resolved "https://registry.yarnpkg.com/parse-glob/-/parse-glob-3.0.4.tgz#b2c376cfb11f35513badd173ef0bb6e3a388391c"
  dependencies:
    glob-base "^0.3.0"
    is-dotfile "^1.0.0"
    is-extglob "^1.0.0"
    is-glob "^2.0.0"

parse-json@^2.1.0, parse-json@^2.2.0:
  version "2.2.0"
  resolved "https://registry.yarnpkg.com/parse-json/-/parse-json-2.2.0.tgz#f480f40434ef80741f8469099f8dea18f55a4dc9"
  dependencies:
    error-ex "^1.2.0"

path-exists@^2.0.0:
  version "2.1.0"
  resolved "https://registry.yarnpkg.com/path-exists/-/path-exists-2.1.0.tgz#0feb6c64f0fc518d9a754dd5efb62c7022761f4b"
  dependencies:
    pinkie-promise "^2.0.0"

path-type@^1.0.0:
  version "1.1.0"
  resolved "https://registry.yarnpkg.com/path-type/-/path-type-1.1.0.tgz#59c44f7ee491da704da415da5a4070ba4f8fe441"
  dependencies:
    graceful-fs "^4.1.2"
    pify "^2.0.0"
    pinkie-promise "^2.0.0"

pify@^2.0.0:
  version "2.3.0"
  resolved "https://registry.yarnpkg.com/pify/-/pify-2.3.0.tgz#ed141a6ac043a849ea588498e7dca8b15330e90c"

pinkie-promise@^2.0.0:
  version "2.0.1"
  resolved "https://registry.yarnpkg.com/pinkie-promise/-/pinkie-promise-2.0.1.tgz#2135d6dfa7a358c069ac9b178776288228450ffa"
  dependencies:
    pinkie "^2.0.0"

pinkie@^2.0.0:
  version "2.0.4"
  resolved "https://registry.yarnpkg.com/pinkie/-/pinkie-2.0.4.tgz#72556b80cfa0d48a974e80e77248e80ed4f7f870"

prepend-http@^1.0.1:
  version "1.0.4"
  resolved "https://registry.npmjs.org/prepend-http/-/prepend-http-1.0.4.tgz#d4f4562b0ce3696e41ac52d0e002e57a635dc6dc"

preserve@^0.2.0:
  version "0.2.0"
  resolved "https://registry.yarnpkg.com/preserve/-/preserve-0.2.0.tgz#815ed1f6ebc65926f865b310c0713bcb3315ce4b"

process-nextick-args@~1.0.6:
  version "1.0.7"
  resolved "https://registry.yarnpkg.com/process-nextick-args/-/process-nextick-args-1.0.7.tgz#150e20b756590ad3f91093f25a4f2ad8bff30ba3"

randomatic@^1.1.3:
  version "1.1.5"
  resolved "https://registry.yarnpkg.com/randomatic/-/randomatic-1.1.5.tgz#5e9ef5f2d573c67bd2b8124ae90b5156e457840b"
  dependencies:
    is-number "^2.0.2"
    kind-of "^3.0.2"

rc@^1.0.1, rc@^1.1.6:
  version "1.2.1"
  resolved "https://registry.npmjs.org/rc/-/rc-1.2.1.tgz#2e03e8e42ee450b8cb3dce65be1bf8974e1dfd95"
  dependencies:
    deep-extend "~0.4.0"
    ini "~1.3.0"
    minimist "^1.2.0"
    strip-json-comments "~2.0.1"

read-all-stream@^3.0.0:
  version "3.1.0"
  resolved "https://registry.npmjs.org/read-all-stream/-/read-all-stream-3.1.0.tgz#35c3e177f2078ef789ee4bfafa4373074eaef4fa"
  dependencies:
    pinkie-promise "^2.0.0"
    readable-stream "^2.0.0"

read-pkg-up@^1.0.1:
  version "1.0.1"
  resolved "https://registry.yarnpkg.com/read-pkg-up/-/read-pkg-up-1.0.1.tgz#9d63c13276c065918d57f002a57f40a1b643fb02"
  dependencies:
    find-up "^1.0.0"
    read-pkg "^1.0.0"

read-pkg@^1.0.0:
  version "1.1.0"
  resolved "https://registry.yarnpkg.com/read-pkg/-/read-pkg-1.1.0.tgz#f5ffaa5ecd29cb31c0474bca7d756b6bb29e3f28"
  dependencies:
    load-json-file "^1.0.0"
    normalize-package-data "^2.3.2"
    path-type "^1.0.0"

readable-stream@^2.0.0, readable-stream@^2.0.2, readable-stream@^2.0.5:
  version "2.2.8"
  resolved "https://registry.npmjs.org/readable-stream/-/readable-stream-2.2.8.tgz#ad28b686f3554c73d39bc32347fa058356624705"
  dependencies:
    buffer-shims "~1.0.0"
    core-util-is "~1.0.0"
    inherits "~2.0.1"
    isarray "~1.0.0"
    process-nextick-args "~1.0.6"
    string_decoder "~1.0.0"
    util-deprecate "~1.0.1"

regex-cache@^0.4.2:
  version "0.4.3"
  resolved "https://registry.yarnpkg.com/regex-cache/-/regex-cache-0.4.3.tgz#9b1a6c35d4d0dfcef5711ae651e8e9d3d7114145"
  dependencies:
    is-equal-shallow "^0.1.3"
    is-primitive "^2.0.0"

registry-auth-token@^3.0.1:
  version "3.1.1"
  resolved "https://registry.npmjs.org/registry-auth-token/-/registry-auth-token-3.1.1.tgz#1b93317b42527732f56f88c41b73b7bf855e05a5"
  dependencies:
    rc "^1.1.6"

registry-url@^3.0.3:
  version "3.1.0"
  resolved "https://registry.npmjs.org/registry-url/-/registry-url-3.1.0.tgz#3d4ef870f73dde1d77f0cf9a381432444e174942"
  dependencies:
    rc "^1.0.1"

repeat-element@^1.1.2:
  version "1.1.2"
  resolved "https://registry.yarnpkg.com/repeat-element/-/repeat-element-1.1.2.tgz#ef089a178d1483baae4d93eb98b4f9e4e11d990a"

repeat-string@^1.5.2:
  version "1.6.1"
  resolved "https://registry.yarnpkg.com/repeat-string/-/repeat-string-1.6.1.tgz#8dcae470e1c88abc2d600fff4a776286da75e637"

repeating@^2.0.0:
  version "2.0.1"
  resolved "https://registry.yarnpkg.com/repeating/-/repeating-2.0.1.tgz#5214c53a926d3552707527fbab415dbc08d06dda"
  dependencies:
    is-finite "^1.0.0"

req-cwd@^1.0.1:
  version "1.0.1"
  resolved "https://registry.npmjs.org/req-cwd/-/req-cwd-1.0.1.tgz#0d73aeae9266e697a78f7976019677e76acf0fff"
  dependencies:
    req-from "^1.0.1"

req-from@^1.0.1:
  version "1.0.1"
  resolved "https://registry.npmjs.org/req-from/-/req-from-1.0.1.tgz#bf81da5147947d32d13b947dc12a58ad4587350e"
  dependencies:
    resolve-from "^2.0.0"

resolve-from@^2.0.0:
  version "2.0.0"
  resolved "https://registry.npmjs.org/resolve-from/-/resolve-from-2.0.0.tgz#9480ab20e94ffa1d9e80a804c7ea147611966b57"

resolve@1.1.7, resolve@^1.1.6, resolve@^1.1.7:
  version "1.1.7"
  resolved "https://registry.yarnpkg.com/resolve/-/resolve-1.1.7.tgz#203114d82ad2c5ed9e8e0411b3932875e889e97b"

right-align@^0.1.1:
  version "0.1.3"
  resolved "https://registry.yarnpkg.com/right-align/-/right-align-0.1.3.tgz#61339b722fe6a3515689210d24e14c96148613ef"
  dependencies:
    align-text "^0.1.1"

rollup-plugin-alias@^1.2.0:
  version "1.2.1"
  resolved "https://registry.npmjs.org/rollup-plugin-alias/-/rollup-plugin-alias-1.2.1.tgz#1e895581cc18fdbf1acd7ada219571bfca9d6593"

rollup-plugin-async@^1.2.0:
  version "1.2.0"
  resolved "https://registry.npmjs.org/rollup-plugin-async/-/rollup-plugin-async-1.2.0.tgz#f95fdd29f8b6f2332b5a89a9d64ee8087b12b249"
  dependencies:
    async-to-gen "^1.2.0"
    rollup-pluginutils "^1.5.1"

rollup-plugin-buble@^0.15.0:
  version "0.15.0"
  resolved "https://registry.npmjs.org/rollup-plugin-buble/-/rollup-plugin-buble-0.15.0.tgz#83c3e89c7fd2266c7918f41ba3980313519c7fd0"
  dependencies:
    buble "^0.15.0"
    rollup-pluginutils "^1.5.0"

rollup-plugin-commonjs@^7.0.0:
  version "7.1.0"
  resolved "https://registry.npmjs.org/rollup-plugin-commonjs/-/rollup-plugin-commonjs-7.1.0.tgz#c3a772c2e4a5fa13507f5c578b66cc13b0cb8a79"
  dependencies:
    acorn "^4.0.1"
    estree-walker "^0.3.0"
    magic-string "^0.19.0"
    resolve "^1.1.7"
    rollup-pluginutils "^2.0.1"

rollup-plugin-flow@^1.1.1:
  version "1.1.1"
  resolved "https://registry.npmjs.org/rollup-plugin-flow/-/rollup-plugin-flow-1.1.1.tgz#6ce568f1dd559666b77ab76b4bae251407528db6"
  dependencies:
    flow-remove-types "^1.1.0"
    rollup-pluginutils "^1.5.1"

rollup-plugin-node-resolve@^2.0.0:
  version "2.1.1"
  resolved "https://registry.npmjs.org/rollup-plugin-node-resolve/-/rollup-plugin-node-resolve-2.1.1.tgz#cbb783b0d15b02794d58915350b2f0d902b8ddc8"
  dependencies:
    browser-resolve "^1.11.0"
    builtin-modules "^1.1.0"
    resolve "^1.1.6"

rollup-plugin-replace@^1.1.1:
  version "1.1.1"
  resolved "https://registry.npmjs.org/rollup-plugin-replace/-/rollup-plugin-replace-1.1.1.tgz#396315ded050a6ce43b9518a886a3f60efb1ea33"
  dependencies:
    magic-string "^0.15.2"
    minimatch "^3.0.2"
    rollup-pluginutils "^1.5.0"

rollup-plugin-uglify@^1.0.1:
  version "1.0.1"
  resolved "https://registry.npmjs.org/rollup-plugin-uglify/-/rollup-plugin-uglify-1.0.1.tgz#11d0b0c8bcd2d07e6908f74fd16b0152390b922a"
  dependencies:
    uglify-js "^2.6.1"

rollup-pluginutils@^1.5.0, rollup-pluginutils@^1.5.1:
  version "1.5.2"
  resolved "https://registry.npmjs.org/rollup-pluginutils/-/rollup-pluginutils-1.5.2.tgz#1e156e778f94b7255bfa1b3d0178be8f5c552408"
  dependencies:
    estree-walker "^0.2.1"
    minimatch "^3.0.2"

rollup-pluginutils@^2.0.1:
  version "2.0.1"
  resolved "https://registry.npmjs.org/rollup-pluginutils/-/rollup-pluginutils-2.0.1.tgz#7ec95b3573f6543a46a6461bd9a7c544525d0fc0"
  dependencies:
    estree-walker "^0.3.0"
    micromatch "^2.3.11"

rollup-watch@^2.5.0:
  version "2.5.0"
  resolved "https://registry.npmjs.org/rollup-watch/-/rollup-watch-2.5.0.tgz#852d660ddecc51696890aa8c22e95ed4558cc5f7"
  dependencies:
    semver "^5.1.0"

rollup@0.39.2:
  version "0.39.2"
  resolved "https://registry.npmjs.org/rollup/-/rollup-0.39.2.tgz#858cf3020027cf74e0c5d7faa1c18275faf00df4"
  dependencies:
    source-map-support "^0.4.0"

semver-diff@^2.0.0:
  version "2.1.0"
  resolved "https://registry.npmjs.org/semver-diff/-/semver-diff-2.1.0.tgz#4bbb8437c8d37e4b0cf1a68fd726ec6d645d6d36"
  dependencies:
    semver "^5.0.3"

"semver@2 || 3 || 4 || 5", semver@^5.0.3, semver@^5.1.0:
  version "5.3.0"
  resolved "https://registry.yarnpkg.com/semver/-/semver-5.3.0.tgz#9b2ce5d3de02d17c6012ad326aa6b4d0cf54f94f"

slide@^1.1.5:
  version "1.1.6"
  resolved "https://registry.npmjs.org/slide/-/slide-1.1.6.tgz#56eb027d65b4d2dce6cb2e2d32c4d4afc9e1d707"

source-map-support@^0.4.0:
  version "0.4.14"
  resolved "https://registry.npmjs.org/source-map-support/-/source-map-support-0.4.14.tgz#9d4463772598b86271b4f523f6c1f4e02a7d6aef"
  dependencies:
    source-map "^0.5.6"

source-map@^0.5.6, source-map@~0.5.1:
  version "0.5.6"
  resolved "https://registry.npmjs.org/source-map/-/source-map-0.5.6.tgz#75ce38f52bf0733c5a7f0c118d81334a2bb5f412"

spdx-correct@~1.0.0:
  version "1.0.2"
  resolved "https://registry.yarnpkg.com/spdx-correct/-/spdx-correct-1.0.2.tgz#4b3073d933ff51f3912f03ac5519498a4150db40"
  dependencies:
    spdx-license-ids "^1.0.2"

spdx-expression-parse@~1.0.0:
  version "1.0.4"
  resolved "https://registry.yarnpkg.com/spdx-expression-parse/-/spdx-expression-parse-1.0.4.tgz#9bdf2f20e1f40ed447fbe273266191fced51626c"

spdx-license-ids@^1.0.2:
  version "1.2.2"
  resolved "https://registry.yarnpkg.com/spdx-license-ids/-/spdx-license-ids-1.2.2.tgz#c9df7a3424594ade6bd11900d596696dc06bac57"

string-width@^1.0.1:
  version "1.0.2"
  resolved "https://registry.yarnpkg.com/string-width/-/string-width-1.0.2.tgz#118bdf5b8cdc51a2a7e70d211e07e2b0b9b107d3"
  dependencies:
    code-point-at "^1.0.0"
    is-fullwidth-code-point "^1.0.0"
    strip-ansi "^3.0.0"

string_decoder@~1.0.0:
  version "1.0.0"
  resolved "https://registry.npmjs.org/string_decoder/-/string_decoder-1.0.0.tgz#f06f41157b664d86069f84bdbdc9b0d8ab281667"
  dependencies:
    buffer-shims "~1.0.0"

strip-ansi@^3.0.0:
  version "3.0.1"
  resolved "https://registry.yarnpkg.com/strip-ansi/-/strip-ansi-3.0.1.tgz#6a385fb8853d952d5ff05d0e8aaf94278dc63dcf"
  dependencies:
    ansi-regex "^2.0.0"

strip-bom@^2.0.0:
  version "2.0.0"
  resolved "https://registry.yarnpkg.com/strip-bom/-/strip-bom-2.0.0.tgz#6219a85616520491f35788bdbf1447a99c7e6b0e"
  dependencies:
    is-utf8 "^0.2.0"

strip-json-comments@~2.0.1:
  version "2.0.1"
  resolved "https://registry.npmjs.org/strip-json-comments/-/strip-json-comments-2.0.1.tgz#3c531942e908c2697c0ec344858c286c7ca0a60a"

suffix@^0.1.0:
  version "0.1.0"
  resolved "https://registry.npmjs.org/suffix/-/suffix-0.1.0.tgz#3e46966de56af17600385e58db8ec659dd797907"

supports-color@^2.0.0:
  version "2.0.0"
  resolved "https://registry.yarnpkg.com/supports-color/-/supports-color-2.0.0.tgz#535d045ce6b6363fa40117084629995e9df324c7"

switchy@^0.1.0:
  version "0.1.0"
  resolved "https://registry.npmjs.org/switchy/-/switchy-0.1.0.tgz#12dd810cf67281130ed3039cb8657ba682246e19"

text-table@^0.2.0:
  version "0.2.0"
  resolved "https://registry.npmjs.org/text-table/-/text-table-0.2.0.tgz#7f5ee823ae805207c00af2df4a84ec3fcfa570b4"

time-stamp@^1.0.0:
  version "1.0.1"
  resolved "https://registry.npmjs.org/time-stamp/-/time-stamp-1.0.1.tgz#9f4bd23559c9365966f3302dbba2b07c6b99b151"

timed-out@^3.0.0:
  version "3.1.3"
  resolved "https://registry.npmjs.org/timed-out/-/timed-out-3.1.3.tgz#95860bfcc5c76c277f8f8326fd0f5b2e20eba217"

uglify-js@^2.6.1:
  version "2.8.21"
  resolved "https://registry.npmjs.org/uglify-js/-/uglify-js-2.8.21.tgz#1733f669ae6f82fc90c7b25ec0f5c783ee375314"
  dependencies:
    source-map "~0.5.1"
    yargs "~3.10.0"
  optionalDependencies:
    uglify-to-browserify "~1.0.0"

uglify-to-browserify@~1.0.0:
  version "1.0.2"
  resolved "https://registry.yarnpkg.com/uglify-to-browserify/-/uglify-to-browserify-1.0.2.tgz#6e0924d6bda6b5afe349e39a6d632850a0f882b7"

unzip-response@^1.0.2:
  version "1.0.2"
  resolved "https://registry.npmjs.org/unzip-response/-/unzip-response-1.0.2.tgz#b984f0877fc0a89c2c773cc1ef7b5b232b5b06fe"

update-notifier@^1.0.2:
  version "1.0.3"
  resolved "https://registry.npmjs.org/update-notifier/-/update-notifier-1.0.3.tgz#8f92c515482bd6831b7c93013e70f87552c7cf5a"
  dependencies:
    boxen "^0.6.0"
    chalk "^1.0.0"
    configstore "^2.0.0"
    is-npm "^1.0.0"
    latest-version "^2.0.0"
    lazy-req "^1.1.0"
    semver-diff "^2.0.0"
    xdg-basedir "^2.0.0"

url-parse-lax@^1.0.0:
  version "1.0.0"
  resolved "https://registry.npmjs.org/url-parse-lax/-/url-parse-lax-1.0.0.tgz#7af8f303645e9bd79a272e7a14ac68bc0609da73"
  dependencies:
    prepend-http "^1.0.1"

util-deprecate@~1.0.1:
  version "1.0.2"
  resolved "https://registry.yarnpkg.com/util-deprecate/-/util-deprecate-1.0.2.tgz#450d4dc9fa70de732762fbd2d4a28981419a0ccf"

uuid@^2.0.1:
  version "2.0.3"
  resolved "https://registry.npmjs.org/uuid/-/uuid-2.0.3.tgz#67e2e863797215530dff318e5bf9dcebfd47b21a"

validate-npm-package-license@^3.0.1:
  version "3.0.1"
  resolved "https://registry.yarnpkg.com/validate-npm-package-license/-/validate-npm-package-license-3.0.1.tgz#2804babe712ad3379459acfbe24746ab2c303fbc"
  dependencies:
    spdx-correct "~1.0.0"
    spdx-expression-parse "~1.0.0"

vlq@^0.2.1:
  version "0.2.1"
  resolved "https://registry.npmjs.org/vlq/-/vlq-0.2.1.tgz#14439d711891e682535467f8587c5630e4222a6c"

widest-line@^1.0.0:
  version "1.0.0"
  resolved "https://registry.npmjs.org/widest-line/-/widest-line-1.0.0.tgz#0c09c85c2a94683d0d7eaf8ee097d564bf0e105c"
  dependencies:
    string-width "^1.0.1"

window-size@0.1.0:
  version "0.1.0"
  resolved "https://registry.yarnpkg.com/window-size/-/window-size-0.1.0.tgz#5438cd2ea93b202efa3a19fe8887aee7c94f9c9d"

wordwrap@0.0.2:
  version "0.0.2"
  resolved "https://registry.yarnpkg.com/wordwrap/-/wordwrap-0.0.2.tgz#b79669bb42ecb409f83d583cad52ca17eaa1643f"

write-file-atomic@^1.1.2:
  version "1.3.1"
  resolved "https://registry.npmjs.org/write-file-atomic/-/write-file-atomic-1.3.1.tgz#7d45ba32316328dd1ec7d90f60ebc0d845bb759a"
  dependencies:
    graceful-fs "^4.1.11"
    imurmurhash "^0.1.4"
    slide "^1.1.5"

xdg-basedir@^2.0.0:
  version "2.0.0"
  resolved "https://registry.npmjs.org/xdg-basedir/-/xdg-basedir-2.0.0.tgz#edbc903cc385fc04523d966a335504b5504d1bd2"
  dependencies:
    os-homedir "^1.0.0"

yargs@~3.10.0:
  version "3.10.0"
  resolved "https://registry.yarnpkg.com/yargs/-/yargs-3.10.0.tgz#f7ee7bd857dd7c1d2d38c0e74efbd681d1431fd1"
  dependencies:
    camelcase "^1.0.2"
    cliui "^2.1.0"
    decamelize "^1.0.0"
    window-size "0.1.0"
